
Microsoft Visual Studio Solution File, Format Version 12.00
# Visual Studio Version 17
VisualStudioVersion = 17.0.31903.59
MinimumVisualStudioVersion = 10.0.40219.1
Project("{2150E333-8FDC-42A3-9474-1A3956D46DE8}") = "src", "src", "{7CE17D98-3091-41AC-A12B-0C351B1CDDED}"
EndProject
Project("{FAE04EC0-301F-11D3-BF4B-00C04F79EFBC}") = "CheckClauses", "src\CheckClauses\CheckClauses.csproj", "{6C06FBED-49CD-44C4-ADF2-4CEA3EC518A2}"
EndProject
Project("{2150E333-8FDC-42A3-9474-1A3956D46DE8}") = "examples", "examples", "{3FAAF185-B920-409B-8DCA-7E8C23738B97}"
EndProject
Project("{FAE04EC0-301F-11D3-BF4B-00C04F79EFBC}") = "CheckClauses.Examples", "examples\CheckClauses.Examples\CheckClauses.Examples.csproj", "{36B48AA6-C08E-4FAC-B1D7-8AED0C4B32A4}"
EndProject
Global
	GlobalSection(SolutionConfigurationPlatforms) = preSolution
		Debug|Any CPU = Debug|Any CPU
		Release|Any CPU = Release|Any CPU
	EndGlobalSection
	GlobalSection(SolutionProperties) = preSolution
		HideSolutionNode = FALSE
	EndGlobalSection
	GlobalSection(ProjectConfigurationPlatforms) = postSolution
		{6C06FBED-49CD-44C4-ADF2-4CEA3EC518A2}.Debug|Any CPU.ActiveCfg = Debug|Any CPU
		{6C06FBED-49CD-44C4-ADF2-4CEA3EC518A2}.Debug|Any CPU.Build.0 = Debug|Any CPU
		{6C06FBED-49CD-44C4-ADF2-4CEA3EC518A2}.Release|Any CPU.ActiveCfg = Release|Any CPU
		{6C06FBED-49CD-44C4-ADF2-4CEA3EC518A2}.Release|Any CPU.Build.0 = Release|Any CPU
		{36B48AA6-C08E-4FAC-B1D7-8AED0C4B32A4}.Debug|Any CPU.ActiveCfg = Debug|Any CPU
		{36B48AA6-C08E-4FAC-B1D7-8AED0C4B32A4}.Debug|Any CPU.Build.0 = Debug|Any CPU
		{36B48AA6-C08E-4FAC-B1D7-8AED0C4B32A4}.Release|Any CPU.ActiveCfg = Release|Any CPU
		{36B48AA6-C08E-4FAC-B1D7-8AED0C4B32A4}.Release|Any CPU.Build.0 = Release|Any CPU
	EndGlobalSection
	GlobalSection(NestedProjects) = preSolution
		{6C06FBED-49CD-44C4-ADF2-4CEA3EC518A2} = {7CE17D98-3091-41AC-A12B-0C351B1CDDED}
		{36B48AA6-C08E-4FAC-B1D7-8AED0C4B32A4} = {3FAAF185-B920-409B-8DCA-7E8C23738B97}
	EndGlobalSection
EndGlobal
